<?xml version="1.0" encoding="utf-8"?>
<Project ToolsVersion="4.0" xmlns="http://schemas.microsoft.com/developer/msbuild/2003">
  <ItemGroup>
    <ClInclude Include="dbgext.h" />
    <ClInclude Include="out.h" />
    <ClInclude Include="lgparser.h" />
    <ClInclude Include="arkdbgxparser.h" />
  </ItemGroup>
  <ItemGroup>
    <ClCompile Include="dbgext.cpp" />
    <ClCompile Include="out.cpp" />
    <ClCompile Include="lgparser.cpp" />
    <ClCompile Include="commands\detectAsic.cpp">
      <Filter>commands</Filter>
    </ClCompile>
    <ClCompile Include="adapters\adapterParser.cpp">
      <Filter>adapters</Filter>
    </ClCompile>
    <ClCompile Include="commands\mesh_shader_triage.cpp">
      <Filter>commands</Filter>
    </ClCompile>
    <ClCompile Include="arkdbgxparser.cpp" />
    <ClCompile Include="commands\mes_triage.cpp">
      <Filter>commands</Filter>
    </ClCompile>
    <ClCompile Include="basicFun\chkPrivateSymbol.cpp">
      <Filter>basicFun</Filter>
    </ClCompile>
  </ItemGroup>
  <ItemGroup>
    <None Include="funDbg.def" />
  </ItemGroup>
  <ItemGroup>
    <Filter Include="commands">
      <UniqueIdentifier>{9092be5e-1c4b-400e-a63a-ebb09abdd24e}</UniqueIdentifier>
    </Filter>
    <Filter Include="adapters">
      <UniqueIdentifier>{2b7c4fc1-d87b-4d67-ad35-ae3dca7486bb}</UniqueIdentifier>
    </Filter>
    <Filter Include="basicFun">
      <UniqueIdentifier>{7476b129-818a-44ea-8227-20857c49adf9}</UniqueIdentifier>
    </Filter>
  </ItemGroup>
</Project>