<?xml version="1.0" encoding="utf-8"?>
<Project ToolsVersion="4.0" xmlns="http://schemas.microsoft.com/developer/msbuild/2003">
  <ItemGroup>
    <ClInclude Include="dbgext.h" />
    <ClInclude Include="out.h" />
    <ClInclude Include="lgparser.h" />
    <ClInclude Include="arkdbgxparser.h" />
  </ItemGroup>
  <ItemGroup>
    <ClCompile Include="dbgext.cpp" />
    <ClCompile Include="out.cpp" />
    <ClCompile Include="lgparser.cpp" />
    <ClCompile Include="commands\detectAsic.cpp">
      <Filter>commands</Filter>
    </ClCompile>
    <ClCompile Include="adapters\adapterParser.cpp">
      <Filter>adapters</Filter>
    </ClCompile>
    <ClCompile Include="commands\mesh_shader_triage.cpp">
      <Filter>commands</Filter>
    </ClCompile>
    <ClCompile Include="arkdbgxparser.cpp" />
    <ClCompile Include="commands\mes_triage.cpp">
      <Filter>commands</Filter>
    </ClCompile>
    <ClCompile Include="basicFun\chkPrivateSymbol.cpp">
      <Filter>basicFun</Filter>
    </ClCompile>
    <ClCompile Include="winBasic\WinExt.cpp">
      <Filter>winBasic</Filter>
    </ClCompile>
    <ClCompile Include="commands\writeImg2Png.cpp">
      <Filter>commands</Filter>
    </ClCompile>
    <ClCompile Include="..\lib\png\png.c">
      <Filter>lib\png</Filter>
    </ClCompile>
    <ClCompile Include="..\lib\png\pngerror.c">
      <Filter>lib\png</Filter>
    </ClCompile>
    <ClCompile Include="..\lib\png\pnggccrd.c">
      <Filter>lib\png</Filter>
    </ClCompile>
    <ClCompile Include="..\lib\png\pngget.c">
      <Filter>lib\png</Filter>
    </ClCompile>
    <ClCompile Include="..\lib\png\pngmem.c">
      <Filter>lib\png</Filter>
    </ClCompile>
    <ClCompile Include="..\lib\png\pngpread.c">
      <Filter>lib\png</Filter>
    </ClCompile>
    <ClCompile Include="..\lib\png\pngread.c">
      <Filter>lib\png</Filter>
    </ClCompile>
    <ClCompile Include="..\lib\png\pngrio.c">
      <Filter>lib\png</Filter>
    </ClCompile>
    <ClCompile Include="..\lib\png\pngrtran.c">
      <Filter>lib\png</Filter>
    </ClCompile>
    <ClCompile Include="..\lib\png\pngrutil.c">
      <Filter>lib\png</Filter>
    </ClCompile>
    <ClCompile Include="..\lib\png\pngset.c">
      <Filter>lib\png</Filter>
    </ClCompile>
    <ClCompile Include="..\lib\png\pngtrans.c">
      <Filter>lib\png</Filter>
    </ClCompile>
    <ClCompile Include="..\lib\png\pngvcrd.c">
      <Filter>lib\png</Filter>
    </ClCompile>
    <ClCompile Include="..\lib\png\pngwio.c">
      <Filter>lib\png</Filter>
    </ClCompile>
    <ClCompile Include="..\lib\png\pngwrite.c">
      <Filter>lib\png</Filter>
    </ClCompile>
    <ClCompile Include="..\lib\png\pngwtran.c">
      <Filter>lib\png</Filter>
    </ClCompile>
    <ClCompile Include="..\lib\png\pngwutil.c">
      <Filter>lib\png</Filter>
    </ClCompile>
    <ClCompile Include="..\lib\zlib\adler32.c">
      <Filter>lib\zlib</Filter>
    </ClCompile>
    <ClCompile Include="..\lib\zlib\compress.c">
      <Filter>lib\zlib</Filter>
    </ClCompile>
    <ClCompile Include="..\lib\zlib\crc32.c">
      <Filter>lib\zlib</Filter>
    </ClCompile>
    <ClCompile Include="..\lib\zlib\deflate.c">
      <Filter>lib\zlib</Filter>
    </ClCompile>
    <ClCompile Include="..\lib\zlib\gzio.c">
      <Filter>lib\zlib</Filter>
    </ClCompile>
    <ClCompile Include="..\lib\zlib\infback.c">
      <Filter>lib\zlib</Filter>
    </ClCompile>
    <ClCompile Include="..\lib\zlib\inffast.c">
      <Filter>lib\zlib</Filter>
    </ClCompile>
    <ClCompile Include="..\lib\zlib\inflate.c">
      <Filter>lib\zlib</Filter>
    </ClCompile>
    <ClCompile Include="..\lib\zlib\inftrees.c">
      <Filter>lib\zlib</Filter>
    </ClCompile>
    <ClCompile Include="..\lib\zlib\trees.c">
      <Filter>lib\zlib</Filter>
    </ClCompile>
    <ClCompile Include="..\lib\zlib\uncompr.c">
      <Filter>lib\zlib</Filter>
    </ClCompile>
    <ClCompile Include="..\lib\zlib\zutil.c">
      <Filter>lib\zlib</Filter>
    </ClCompile>
  </ItemGroup>
  <ItemGroup>
    <None Include="funDbg.def" />
  </ItemGroup>
  <ItemGroup>
    <Filter Include="commands">
      <UniqueIdentifier>{9092be5e-1c4b-400e-a63a-ebb09abdd24e}</UniqueIdentifier>
    </Filter>
    <Filter Include="adapters">
      <UniqueIdentifier>{2b7c4fc1-d87b-4d67-ad35-ae3dca7486bb}</UniqueIdentifier>
    </Filter>
    <Filter Include="basicFun">
      <UniqueIdentifier>{7476b129-818a-44ea-8227-20857c49adf9}</UniqueIdentifier>
    </Filter>
    <Filter Include="winBasic">
      <UniqueIdentifier>{42cd646d-7be0-496a-8b98-6c83fe713d3a}</UniqueIdentifier>
    </Filter>
    <Filter Include="lib">
      <UniqueIdentifier>{28d6ddeb-3aa9-47c8-aaeb-0e9511d9fac6}</UniqueIdentifier>
    </Filter>
    <Filter Include="lib\png">
      <UniqueIdentifier>{ecfce27f-663c-4464-84f5-a8913ee4769f}</UniqueIdentifier>
    </Filter>
    <Filter Include="lib\zlib">
      <UniqueIdentifier>{f407d133-bfe2-454d-a37e-38663e855166}</UniqueIdentifier>
    </Filter>
  </ItemGroup>
</Project>